{
  "name": "vibe-farmer",
  "version": "0.1.0",
  "lockfileVersion": 2,
  "requires": true,
  "packages": {
    "": {
      "name": "vibe-farmer",
      "version": "0.1.0",
      "dependencies": {
        "needle-rs": "0.2.1"
      }
    },
    "node_modules/needle-rs": {
      "version": "0.2.1",
      "resolved": "https://registry.npmjs.org/needle-rs/-/needle-rs-0.2.1.tgz",
      "integrity": "sha512-e/xjM/4t2IyKAYS5Nqg5jqYqYsPpa2sFKQHa7UbWZEHql1ok2ERUp4U+3Bf9RdWrqsQ5DGWVOVQGcqpw9tbg7Q=="
    }
  },
  "dependencies": {
    "needle-rs": {
      "version": "0.2.1",
      "resolved": "https://registry.npmjs.org/needle-rs/-/needle-rs-0.2.1.tgz",
      "integrity": "sha512-e/xjM/4t2IyKAYS5Nqg5jqYqYsPpa2sFKQHa7UbWZEHql1ok2ERUp4U+3Bf9RdWrqsQ5DGWVOVQGcqpw9tbg7Q=="
    }
  }
}
